PODS:
  - FBSnapshotTestCase (2.1.4):
    - FBSnapshotTestCase/SwiftSupport (= 2.1.4)
  - FBSnapshotTestCase/Core (2.1.4)
  - FBSnapshotTestCase/SwiftSupport (2.1.4):
    - FBSnapshotTestCase/Core
  - ZLTagListView (0.1.0)

DEPENDENCIES:
  - FBSnapshotTestCase
  - ZLTagListView (from `../`)

SPEC REPOS:
  trunk:
    - FBSnapshotTestCase

EXTERNAL SOURCES:
  ZLTagListView:
    :path: "../"

SPEC CHECKSUMS:
  FBSnapshotTestCase: 094f9f314decbabe373b87cc339bea235a63e07a
  ZLTagListView: 56c1f511d704dbe83c36304c662bd8a580261ceb

PODFILE CHECKSUM: 9ff79da0103056de475a73f2a640cea6f4436597

COCOAPODS: 1.16.2
